
Microsoft Visual Studio Solution File, Format Version 12.00
# Visual Studio Version 16
VisualStudioVersion = 16.0.31515.178
MinimumVisualStudioVersion = 10.0.40219.1
Project("{FAE04EC0-301F-11D3-BF4B-00C04F79EFBC}") = "PersonalUI", "PersonalUI\PersonalUI.csproj", "{5CD4EE47-35D3-4879-B19F-07730BB1C2FD}"
EndProject
Project("{FAE04EC0-301F-11D3-BF4B-00C04F79EFBC}") = "PersonalLibrary", "PersonalLibrary\PersonalLibrary.csproj", "{ED8548F3-2DF9-4F23-9A0C-6002AB8C59DB}"
EndProject
Project("{FAE04EC0-301F-11D3-BF4B-00C04F79EFBC}") = "BudgetLib", "BudgetLib\BudgetLib.csproj", "{30622D79-FA76-4711-ABF9-A1D50E037EDD}"
EndProject
Global
	GlobalSection(SolutionConfigurationPlatforms) = preSolution
		Debug|Any CPU = Debug|Any CPU
		Release|Any CPU = Release|Any CPU
	EndGlobalSection
	GlobalSection(ProjectConfigurationPlatforms) = postSolution
		{5CD4EE47-35D3-4879-B19F-07730BB1C2FD}.Debug|Any CPU.ActiveCfg = Debug|Any CPU
		{5CD4EE47-35D3-4879-B19F-07730BB1C2FD}.Debug|Any CPU.Build.0 = Debug|Any CPU
		{5CD4EE47-35D3-4879-B19F-07730BB1C2FD}.Release|Any CPU.ActiveCfg = Release|Any CPU
		{5CD4EE47-35D3-4879-B19F-07730BB1C2FD}.Release|Any CPU.Build.0 = Release|Any CPU
		{ED8548F3-2DF9-4F23-9A0C-6002AB8C59DB}.Debug|Any CPU.ActiveCfg = Debug|Any CPU
		{ED8548F3-2DF9-4F23-9A0C-6002AB8C59DB}.Debug|Any CPU.Build.0 = Debug|Any CPU
		{ED8548F3-2DF9-4F23-9A0C-6002AB8C59DB}.Release|Any CPU.ActiveCfg = Release|Any CPU
		{ED8548F3-2DF9-4F23-9A0C-6002AB8C59DB}.Release|Any CPU.Build.0 = Release|Any CPU
		{30622D79-FA76-4711-ABF9-A1D50E037EDD}.Debug|Any CPU.ActiveCfg = Debug|Any CPU
		{30622D79-FA76-4711-ABF9-A1D50E037EDD}.Debug|Any CPU.Build.0 = Debug|Any CPU
		{30622D79-FA76-4711-ABF9-A1D50E037EDD}.Release|Any CPU.ActiveCfg = Release|Any CPU
		{30622D79-FA76-4711-ABF9-A1D50E037EDD}.Release|Any CPU.Build.0 = Release|Any CPU
	EndGlobalSection
	GlobalSection(SolutionProperties) = preSolution
		HideSolutionNode = FALSE
	EndGlobalSection
	GlobalSection(ExtensibilityGlobals) = postSolution
		SolutionGuid = {82D6ACF7-6CB1-400A-BE3E-49C59FE42D2D}
	EndGlobalSection
EndGlobal
